
Microsoft Visual Studio Solution File, Format Version 12.00
Project("{FAE04EC0-301F-11D3-BF4B-00C04F79EFBC}") = "GraphQlSubscription", "GraphQlSubscription\GraphQlSubscription.csproj", "{322C288F-668E-408D-923B-E03AAF434ACB}"
EndProject
Global
	GlobalSection(SolutionConfigurationPlatforms) = preSolution
		Debug|Any CPU = Debug|Any CPU
		Release|Any CPU = Release|Any CPU
	EndGlobalSection
	GlobalSection(ProjectConfigurationPlatforms) = postSolution
		{322C288F-668E-408D-923B-E03AAF434ACB}.Debug|Any CPU.ActiveCfg = Debug|Any CPU
		{322C288F-668E-408D-923B-E03AAF434ACB}.Debug|Any CPU.Build.0 = Debug|Any CPU
		{322C288F-668E-408D-923B-E03AAF434ACB}.Release|Any CPU.ActiveCfg = Release|Any CPU
		{322C288F-668E-408D-923B-E03AAF434ACB}.Release|Any CPU.Build.0 = Release|Any CPU
	EndGlobalSection
EndGlobal
