
Microsoft Visual Studio Solution File, Format Version 12.00
Project("{FAE04EC0-301F-11D3-BF4B-00C04F79EFBC}") = "MutationService", "MutationService\MutationService.csproj", "{66A4D734-D702-48E6-BCBE-FFFC1C461AAD}"
EndProject
Global
	GlobalSection(SolutionConfigurationPlatforms) = preSolution
		Debug|Any CPU = Debug|Any CPU
		Release|Any CPU = Release|Any CPU
	EndGlobalSection
	GlobalSection(ProjectConfigurationPlatforms) = postSolution
		{66A4D734-D702-48E6-BCBE-FFFC1C461AAD}.Debug|Any CPU.ActiveCfg = Debug|Any CPU
		{66A4D734-D702-48E6-BCBE-FFFC1C461AAD}.Debug|Any CPU.Build.0 = Debug|Any CPU
		{66A4D734-D702-48E6-BCBE-FFFC1C461AAD}.Release|Any CPU.ActiveCfg = Release|Any CPU
		{66A4D734-D702-48E6-BCBE-FFFC1C461AAD}.Release|Any CPU.Build.0 = Release|Any CPU
	EndGlobalSection
EndGlobal
